
Microsoft Visual Studio Solution File, Format Version 12.00
# Visual Studio Version 17
VisualStudioVersion = 17.0.31903.59
MinimumVisualStudioVersion = 10.0.40219.1
Project("{FAE04EC0-301F-11D3-BF4B-00C04F79EFBC}") = "SunnyDevDays_API", "SunnyDevDays.API\SunnyDevDays_API.csproj", "{03D67CED-DE2F-4041-889B-9D2FE4A4EB8A}"
EndProject
Global
	GlobalSection(SolutionConfigurationPlatforms) = preSolution
		Debug|Any CPU = Debug|Any CPU
		Release|Any CPU = Release|Any CPU
	EndGlobalSection
	GlobalSection(SolutionProperties) = preSolution
		HideSolutionNode = FALSE
	EndGlobalSection
	GlobalSection(ProjectConfigurationPlatforms) = postSolution
		{03D67CED-DE2F-4041-889B-9D2FE4A4EB8A}.Debug|Any CPU.ActiveCfg = Debug|Any CPU
		{03D67CED-DE2F-4041-889B-9D2FE4A4EB8A}.Debug|Any CPU.Build.0 = Debug|Any CPU
		{03D67CED-DE2F-4041-889B-9D2FE4A4EB8A}.Release|Any CPU.ActiveCfg = Release|Any CPU
		{03D67CED-DE2F-4041-889B-9D2FE4A4EB8A}.Release|Any CPU.Build.0 = Release|Any CPU
	EndGlobalSection
EndGlobal
